
Microsoft Visual Studio Solution File, Format Version 12.00
# Visual Studio Version 16
VisualStudioVersion = 16.0.29905.134
MinimumVisualStudioVersion = 10.0.40219.1
Project("{9A19103F-16F7-4668-BE54-9A1E7A4F7556}") = "client", "..\..\client\client.csproj", "{C41AD6F5-D70D-4B21-B699-F5AB8CFCBEE0}"
EndProject
Project("{9A19103F-16F7-4668-BE54-9A1E7A4F7556}") = "core", "..\..\core\core.csproj", "{C1ACECC8-0473-4D62-89D5-F226C04F733F}"
EndProject
Project("{FAE04EC0-301F-11D3-BF4B-00C04F79EFBC}") = "ClientTerminal", "..\ClientTerminal\ClientTerminal.csproj", "{197EFEFE-7B72-40FF-A7D5-D41B5F27B916}"
EndProject
Global
	GlobalSection(SolutionConfigurationPlatforms) = preSolution
		Debug|Any CPU = Debug|Any CPU
		Release|Any CPU = Release|Any CPU
	EndGlobalSection
	GlobalSection(ProjectConfigurationPlatforms) = postSolution
		{C41AD6F5-D70D-4B21-B699-F5AB8CFCBEE0}.Debug|Any CPU.ActiveCfg = Debug|Any CPU
		{C41AD6F5-D70D-4B21-B699-F5AB8CFCBEE0}.Debug|Any CPU.Build.0 = Debug|Any CPU
		{C41AD6F5-D70D-4B21-B699-F5AB8CFCBEE0}.Release|Any CPU.ActiveCfg = Release|Any CPU
		{C41AD6F5-D70D-4B21-B699-F5AB8CFCBEE0}.Release|Any CPU.Build.0 = Release|Any CPU
		{C1ACECC8-0473-4D62-89D5-F226C04F733F}.Debug|Any CPU.ActiveCfg = Debug|Any CPU
		{C1ACECC8-0473-4D62-89D5-F226C04F733F}.Debug|Any CPU.Build.0 = Debug|Any CPU
		{C1ACECC8-0473-4D62-89D5-F226C04F733F}.Release|Any CPU.ActiveCfg = Release|Any CPU
		{C1ACECC8-0473-4D62-89D5-F226C04F733F}.Release|Any CPU.Build.0 = Release|Any CPU
		{197EFEFE-7B72-40FF-A7D5-D41B5F27B916}.Debug|Any CPU.ActiveCfg = Debug|Any CPU
		{197EFEFE-7B72-40FF-A7D5-D41B5F27B916}.Debug|Any CPU.Build.0 = Debug|Any CPU
		{197EFEFE-7B72-40FF-A7D5-D41B5F27B916}.Release|Any CPU.ActiveCfg = Release|Any CPU
		{197EFEFE-7B72-40FF-A7D5-D41B5F27B916}.Release|Any CPU.Build.0 = Release|Any CPU
	EndGlobalSection
	GlobalSection(SolutionProperties) = preSolution
		HideSolutionNode = FALSE
	EndGlobalSection
	GlobalSection(ExtensibilityGlobals) = postSolution
		SolutionGuid = {E8213A3C-0DE9-4332-821A-9424F331CCDA}
	EndGlobalSection
EndGlobal
