
Microsoft Visual Studio Solution File, Format Version 12.00
# Visual Studio Version 16
VisualStudioVersion = 16.0.29709.97
MinimumVisualStudioVersion = 10.0.40219.1
Project("{9A19103F-16F7-4668-BE54-9A1E7A4F7556}") = "client", "client.csproj", "{8293E9CE-6C3D-4C47-AD09-9EC49D27E0C2}"
EndProject
Project("{FAE04EC0-301F-11D3-BF4B-00C04F79EFBC}") = "core", "..\core\core.csproj", "{1F18C528-3218-4333-B71A-8AC104E41DAC}"
EndProject
Global
	GlobalSection(SolutionConfigurationPlatforms) = preSolution
		Debug|Any CPU = Debug|Any CPU
		Release|Any CPU = Release|Any CPU
	EndGlobalSection
	GlobalSection(ProjectConfigurationPlatforms) = postSolution
		{8293E9CE-6C3D-4C47-AD09-9EC49D27E0C2}.Debug|Any CPU.ActiveCfg = Debug|Any CPU
		{8293E9CE-6C3D-4C47-AD09-9EC49D27E0C2}.Debug|Any CPU.Build.0 = Debug|Any CPU
		{8293E9CE-6C3D-4C47-AD09-9EC49D27E0C2}.Release|Any CPU.ActiveCfg = Release|Any CPU
		{8293E9CE-6C3D-4C47-AD09-9EC49D27E0C2}.Release|Any CPU.Build.0 = Release|Any CPU
		{1F18C528-3218-4333-B71A-8AC104E41DAC}.Debug|Any CPU.ActiveCfg = Debug|Any CPU
		{1F18C528-3218-4333-B71A-8AC104E41DAC}.Debug|Any CPU.Build.0 = Debug|Any CPU
		{1F18C528-3218-4333-B71A-8AC104E41DAC}.Release|Any CPU.ActiveCfg = Release|Any CPU
		{1F18C528-3218-4333-B71A-8AC104E41DAC}.Release|Any CPU.Build.0 = Release|Any CPU
	EndGlobalSection
	GlobalSection(SolutionProperties) = preSolution
		HideSolutionNode = FALSE
	EndGlobalSection
	GlobalSection(ExtensibilityGlobals) = postSolution
		SolutionGuid = {D6BE5412-5F37-4B61-84AD-E247725A8D12}
	EndGlobalSection
EndGlobal
